<?xml version="1.0" encoding="utf-8"?>
<Project ToolsVersion="4.0" xmlns="http://schemas.microsoft.com/developer/msbuild/2003">
  <ItemGroup>
    <Filter Include="源文件">
      <UniqueIdentifier>{4FC737F1-C7A5-4376-A066-2A32D752A2FF}</UniqueIdentifier>
      <Extensions>cpp;c;cc;cxx;def;odl;idl;hpj;bat;asm;asmx</Extensions>
    </Filter>
    <Filter Include="资源文件">
      <UniqueIdentifier>{67DA6AB6-F800-4c08-8B7A-83BB121AAD01}</UniqueIdentifier>
      <Extensions>rc;ico;cur;bmp;dlg;rc2;rct;bin;rgs;gif;jpg;jpeg;jpe;resx;tiff;tif;png;wav;mfcribbon-ms</Extensions>
    </Filter>
    <Filter Include="第三方">
      <UniqueIdentifier>{946b775c-a284-4035-9e6c-93fdbb8510bc}</UniqueIdentifier>
    </Filter>
    <Filter Include="第三方\PSEMRSIV_BAR">
      <UniqueIdentifier>{7e95b351-dc42-4a81-978f-9a3eca98855b}</UniqueIdentifier>
    </Filter>
    <Filter Include="第三方\PSEMRSIV_BAR\include">
      <UniqueIdentifier>{5ab50c74-1253-4526-93a7-3a74e3bd22a0}</UniqueIdentifier>
    </Filter>
    <Filter Include="第三方\PSEMRSIV_BAR\lib">
      <UniqueIdentifier>{df506f86-0b42-49e0-af28-f22b6d96bb46}</UniqueIdentifier>
    </Filter>
    <Filter Include="第三方\BarCode">
      <UniqueIdentifier>{68d39b93-99cf-45b3-83cd-33844d15b1f7}</UniqueIdentifier>
    </Filter>
    <Filter Include="第三方\BarCode\lib">
      <UniqueIdentifier>{be947e34-7a67-4cf3-9cee-d28e54bc1514}</UniqueIdentifier>
    </Filter>
    <Filter Include="第三方\BarCode\include">
      <UniqueIdentifier>{01a41568-aa38-4597-a3a8-bf5eec5d224d}</UniqueIdentifier>
    </Filter>
  </ItemGroup>
  <ItemGroup>
    <ClInclude Include="USBDemoDlg.h">
      <Filter>源文件</Filter>
    </ClInclude>
    <ClInclude Include="USBDemo.h">
      <Filter>源文件</Filter>
    </ClInclude>
    <ClInclude Include="stdafx.h">
      <Filter>源文件</Filter>
    </ClInclude>
    <ClInclude Include="targetver.h">
      <Filter>源文件</Filter>
    </ClInclude>
    <ClInclude Include="Resource.h">
      <Filter>源文件</Filter>
    </ClInclude>
    <ClInclude Include="..\PSEMRSIV_BAR\include\psemrsiv_bar.h">
      <Filter>第三方\PSEMRSIV_BAR\include</Filter>
    </ClInclude>
  </ItemGroup>
  <ItemGroup>
    <ClCompile Include="USBDemo.cpp">
      <Filter>源文件</Filter>
    </ClCompile>
    <ClCompile Include="USBDemoDlg.cpp">
      <Filter>源文件</Filter>
    </ClCompile>
    <ClCompile Include="stdafx.cpp">
      <Filter>源文件</Filter>
    </ClCompile>
    <ClCompile Include="importlib.cpp">
      <Filter>第三方</Filter>
    </ClCompile>
  </ItemGroup>
  <ItemGroup>
    <ResourceCompile Include="USBDemo.rc">
      <Filter>资源文件</Filter>
    </ResourceCompile>
  </ItemGroup>
  <ItemGroup>
    <None Include="res\USBDemo.rc2">
      <Filter>资源文件</Filter>
    </None>
  </ItemGroup>
  <ItemGroup>
    <Image Include="res\USBDemo.ico">
      <Filter>资源文件</Filter>
    </Image>
  </ItemGroup>
</Project>