<?xml version="1.0" encoding="utf-8"?>
<Project ToolsVersion="4.0" xmlns="http://schemas.microsoft.com/developer/msbuild/2003">
  <ItemGroup>
    <Filter Include="源文件">
      <UniqueIdentifier>{4FC737F1-C7A5-4376-A066-2A32D752A2FF}</UniqueIdentifier>
      <Extensions>cpp;c;cc;cxx;def;odl;idl;hpj;bat;asm;asmx</Extensions>
    </Filter>
    <Filter Include="头文件">
      <UniqueIdentifier>{93995380-89BD-4b04-88EB-625FBE52EBFB}</UniqueIdentifier>
      <Extensions>h;hh;hpp;hxx;hm;inl;inc;xsd</Extensions>
    </Filter>
    <Filter Include="资源文件">
      <UniqueIdentifier>{67DA6AB6-F800-4c08-8B7A-83BB121AAD01}</UniqueIdentifier>
      <Extensions>rc;ico;cur;bmp;dlg;rc2;rct;bin;rgs;gif;jpg;jpeg;jpe;resx;tiff;tif;png;wav;mfcribbon-ms</Extensions>
    </Filter>
    <Filter Include="文档">
      <UniqueIdentifier>{87fb6b58-57e6-42d9-9b97-57e4218d1d92}</UniqueIdentifier>
    </Filter>
    <Filter Include="模块定义文件">
      <UniqueIdentifier>{10254c48-1a47-45a2-b9e4-360a3e8c0bf2}</UniqueIdentifier>
    </Filter>
    <Filter Include="libusb">
      <UniqueIdentifier>{77f47e41-bcdf-4829-9303-99dbf778a36d}</UniqueIdentifier>
    </Filter>
    <Filter Include="libusb\include">
      <UniqueIdentifier>{a209084b-14dc-409d-9708-26f87ef910a1}</UniqueIdentifier>
    </Filter>
    <Filter Include="libusb\lib">
      <UniqueIdentifier>{fb6af2e8-6372-4e64-8ac8-5c42872ffa9c}</UniqueIdentifier>
    </Filter>
  </ItemGroup>
  <ItemGroup>
    <None Include="psemrsiv_bar.def">
      <Filter>模块定义文件</Filter>
    </None>
    <None Include="doc\实名制闸机状态监测--供应商接口说明.docx">
      <Filter>文档</Filter>
    </None>
  </ItemGroup>
  <ItemGroup>
    <ClInclude Include="include\psemrsiv_bar.h">
      <Filter>头文件</Filter>
    </ClInclude>
  </ItemGroup>
  <ItemGroup>
    <ClCompile Include="src\psemrsiv_bar.cpp">
      <Filter>源文件</Filter>
    </ClCompile>
  </ItemGroup>
</Project>